
Microsoft Visual Studio Solution File, Format Version 12.00
# Visual Studio Version 17
VisualStudioVersion = 17.0.31606.5
MinimumVisualStudioVersion = 10.0.40219.1
Project("{9A19103F-16F7-4668-BE54-9A1E7A4F7556}") = "Mini.Engine", "src\Mini.Engine\Mini.Engine.csproj", "{6B26B822-4A95-4A60-A7C9-7260E6F575A7}"
EndProject
Project("{2150E333-8FDC-42A3-9474-1A3956D46DE8}") = "Solution Items", "Solution Items", "{C66B8D19-4A15-44F0-8DBB-FA8355806E52}"
	ProjectSection(SolutionItems) = preProject
		.editorconfig = .editorconfig
		src\Directory.Build.props = src\Directory.Build.props
		README.MD = README.MD
		TODO.MD = TODO.MD
	EndProjectSection
EndProject
Project("{9A19103F-16F7-4668-BE54-9A1E7A4F7556}") = "Mini.Engine.Content", "src\Mini.Engine.Content\Mini.Engine.Content.csproj", "{F5DC5983-B29F-4864-8A63-468155F7EAC6}"
EndProject
Project("{9A19103F-16F7-4668-BE54-9A1E7A4F7556}") = "ShaderTools.CodeAnalysis", "src\External\HlslParser\src\ShaderTools.CodeAnalysis\ShaderTools.CodeAnalysis.csproj", "{6C3304DB-DB97-46DA-8BB0-55D626314CA3}"
EndProject
Project("{2150E333-8FDC-42A3-9474-1A3956D46DE8}") = "External", "External", "{1DE88C73-3B8E-4296-873A-4631E25FE685}"
EndProject
Project("{9A19103F-16F7-4668-BE54-9A1E7A4F7556}") = "ShaderTools.CodeAnalysis.Hlsl", "src\External\HlslParser\src\ShaderTools.CodeAnalysis.Hlsl\ShaderTools.CodeAnalysis.Hlsl.csproj", "{0E275231-A6C7-40A6-8A68-165978F76736}"
EndProject
Project("{9A19103F-16F7-4668-BE54-9A1E7A4F7556}") = "SyntaxGenerator", "src\External\HlslParser\src\SyntaxGenerator\SyntaxGenerator.csproj", "{18ED109F-C786-4954-8E25-20BDC991C72C}"
EndProject
Project("{2150E333-8FDC-42A3-9474-1A3956D46DE8}") = "Generators", "Generators", "{82AF3DCE-0279-475D-B1A8-D610C8735F09}"
EndProject
Project("{9A19103F-16F7-4668-BE54-9A1E7A4F7556}") = "Mini.Engine.Content.Generators", "src\Generators\Mini.Engine.Content.Generators\Mini.Engine.Content.Generators.csproj", "{E9D41BF9-CC68-4C98-A995-3A3C1D5C3BCD}"
EndProject
Project("{9A19103F-16F7-4668-BE54-9A1E7A4F7556}") = "Mini.Engine.Generators.Debugger", "src\Generators\Mini.Engine.Generators.Debugger\Mini.Engine.Generators.Debugger.csproj", "{8F2674B5-16ED-44AC-9447-599C8EC0E9B7}"
EndProject
Project("{2150E333-8FDC-42A3-9474-1A3956D46DE8}") = "Backend", "Backend", "{DC1F1BAE-401D-4710-848C-316561617DCD}"
EndProject
Project("{9A19103F-16F7-4668-BE54-9A1E7A4F7556}") = "Mini.Engine.Debugging", "src\Backend\Mini.Engine.Debugging\Mini.Engine.Debugging.csproj", "{AFED1745-E3B5-4B3E-9C3C-BCBC48D0D4E5}"
EndProject
Project("{9A19103F-16F7-4668-BE54-9A1E7A4F7556}") = "Mini.Engine.DirectX", "src\Backend\Mini.Engine.DirectX\Mini.Engine.DirectX.csproj", "{7805811F-44D6-4877-B8F3-1DC918B9FD39}"
EndProject
Project("{9A19103F-16F7-4668-BE54-9A1E7A4F7556}") = "Mini.Engine.Windows", "src\Backend\Mini.Engine.Windows\Mini.Engine.Windows.csproj", "{FD24DE4C-9F9D-4418-9757-9B0EE43327F9}"
EndProject
Project("{9A19103F-16F7-4668-BE54-9A1E7A4F7556}") = "Mini.Engine.Configuration", "src\Mini.Engine.Configuration\Mini.Engine.Configuration.csproj", "{F7669F36-F351-4824-874E-54D025167804}"
EndProject
Project("{9A19103F-16F7-4668-BE54-9A1E7A4F7556}") = "Mini.Engine.ECS", "src\Mini.Engine.ECS\Mini.Engine.ECS.csproj", "{D3B454E4-2490-426A-A944-06AC00547388}"
EndProject
Project("{9A19103F-16F7-4668-BE54-9A1E7A4F7556}") = "Mini.Engine.Generators.Source", "src\Generators\Mini.Engine.Generators.Source\Mini.Engine.Generators.Source.csproj", "{1625575A-2569-4955-A2CA-5B6B9162319B}"
EndProject
Project("{9A19103F-16F7-4668-BE54-9A1E7A4F7556}") = "Mini.Engine.ECS.Generators", "src\Generators\Mini.Engine.ECS.Generators\Mini.Engine.ECS.Generators.csproj", "{B6D1A166-5270-41B7-A73E-718589E2284E}"
EndProject
Project("{9A19103F-16F7-4668-BE54-9A1E7A4F7556}") = "Mini.Engine.ECS.Generators.Shared", "src\Generators\Mini.Engine.ECS.Generators.Shared\Mini.Engine.ECS.Generators.Shared.csproj", "{8B70A0ED-B566-4A9D-9A6B-E5EEE4E0AE21}"
EndProject
Project("{9A19103F-16F7-4668-BE54-9A1E7A4F7556}") = "Mini.Engine.Graphics", "src\Mini.Engine.Graphics\Mini.Engine.Graphics.csproj", "{B8650ABE-F31A-45D6-A007-E3C80AB05FB4}"
EndProject
Project("{9A19103F-16F7-4668-BE54-9A1E7A4F7556}") = "Mini.Engine.IO", "src\Backend\Mini.Engine.IO\Mini.Engine.IO.csproj", "{5CFD85E9-47EF-43A2-9519-EAAC3043532C}"
EndProject
Project("{9A19103F-16F7-4668-BE54-9A1E7A4F7556}") = "Mini.Engine.Tests", "src\Tests\Mini.Engine.Tests\Mini.Engine.Tests.csproj", "{594B191A-5EA3-4461-BEDE-A212CABCB371}"
EndProject
Project("{2150E333-8FDC-42A3-9474-1A3956D46DE8}") = "Tests", "Tests", "{202FA180-970E-4786-83C0-767A9CDBAF65}"
EndProject
Project("{9A19103F-16F7-4668-BE54-9A1E7A4F7556}") = "Mini.Engine.Performance", "src\Tests\Mini.Engine.Performance\Mini.Engine.Performance.csproj", "{1B6E50EF-79F2-475B-8C91-59AADCAA42A1}"
EndProject
Project("{9A19103F-16F7-4668-BE54-9A1E7A4F7556}") = "Mini.Engine.Core", "src\Backend\Mini.Engine.Core\Mini.Engine.Core.csproj", "{F5F27296-66AC-4040-B1E1-6F2080A66C86}"
EndProject
Project("{9A19103F-16F7-4668-BE54-9A1E7A4F7556}") = "Mini.Engine.Modelling", "src\Mini.Engine.Modelling\Mini.Engine.Modelling.csproj", "{6C82D055-D267-4169-AF4C-0C50B1EEA411}"
EndProject
Project("{9A19103F-16F7-4668-BE54-9A1E7A4F7556}") = "LibGame", "src\External\LibGame\LibGame\LibGame.csproj", "{90F47018-184B-47EF-B8CF-5F482950344C}"
EndProject
Global
	GlobalSection(SolutionConfigurationPlatforms) = preSolution
		Debug|Any CPU = Debug|Any CPU
		Debug|x64 = Debug|x64
		Release|Any CPU = Release|Any CPU
		Release|x64 = Release|x64
	EndGlobalSection
	GlobalSection(ProjectConfigurationPlatforms) = postSolution
		{6B26B822-4A95-4A60-A7C9-7260E6F575A7}.Debug|Any CPU.ActiveCfg = Debug|x64
		{6B26B822-4A95-4A60-A7C9-7260E6F575A7}.Debug|Any CPU.Build.0 = Debug|x64
		{6B26B822-4A95-4A60-A7C9-7260E6F575A7}.Debug|x64.ActiveCfg = Debug|x64
		{6B26B822-4A95-4A60-A7C9-7260E6F575A7}.Debug|x64.Build.0 = Debug|x64
		{6B26B822-4A95-4A60-A7C9-7260E6F575A7}.Release|Any CPU.ActiveCfg = Release|x64
		{6B26B822-4A95-4A60-A7C9-7260E6F575A7}.Release|Any CPU.Build.0 = Release|x64
		{6B26B822-4A95-4A60-A7C9-7260E6F575A7}.Release|x64.ActiveCfg = Release|x64
		{6B26B822-4A95-4A60-A7C9-7260E6F575A7}.Release|x64.Build.0 = Release|x64
		{F5DC5983-B29F-4864-8A63-468155F7EAC6}.Debug|Any CPU.ActiveCfg = Debug|x64
		{F5DC5983-B29F-4864-8A63-468155F7EAC6}.Debug|Any CPU.Build.0 = Debug|x64
		{F5DC5983-B29F-4864-8A63-468155F7EAC6}.Debug|x64.ActiveCfg = Debug|x64
		{F5DC5983-B29F-4864-8A63-468155F7EAC6}.Debug|x64.Build.0 = Debug|x64
		{F5DC5983-B29F-4864-8A63-468155F7EAC6}.Release|Any CPU.ActiveCfg = Release|x64
		{F5DC5983-B29F-4864-8A63-468155F7EAC6}.Release|Any CPU.Build.0 = Release|x64
		{F5DC5983-B29F-4864-8A63-468155F7EAC6}.Release|x64.ActiveCfg = Release|x64
		{F5DC5983-B29F-4864-8A63-468155F7EAC6}.Release|x64.Build.0 = Release|x64
		{6C3304DB-DB97-46DA-8BB0-55D626314CA3}.Debug|Any CPU.ActiveCfg = Debug|Any CPU
		{6C3304DB-DB97-46DA-8BB0-55D626314CA3}.Debug|Any CPU.Build.0 = Debug|Any CPU
		{6C3304DB-DB97-46DA-8BB0-55D626314CA3}.Debug|x64.ActiveCfg = Debug|Any CPU
		{6C3304DB-DB97-46DA-8BB0-55D626314CA3}.Debug|x64.Build.0 = Debug|Any CPU
		{6C3304DB-DB97-46DA-8BB0-55D626314CA3}.Release|Any CPU.ActiveCfg = Release|Any CPU
		{6C3304DB-DB97-46DA-8BB0-55D626314CA3}.Release|Any CPU.Build.0 = Release|Any CPU
		{6C3304DB-DB97-46DA-8BB0-55D626314CA3}.Release|x64.ActiveCfg = Release|Any CPU
		{6C3304DB-DB97-46DA-8BB0-55D626314CA3}.Release|x64.Build.0 = Release|Any CPU
		{0E275231-A6C7-40A6-8A68-165978F76736}.Debug|Any CPU.ActiveCfg = Debug|Any CPU
		{0E275231-A6C7-40A6-8A68-165978F76736}.Debug|Any CPU.Build.0 = Debug|Any CPU
		{0E275231-A6C7-40A6-8A68-165978F76736}.Debug|x64.ActiveCfg = Debug|Any CPU
		{0E275231-A6C7-40A6-8A68-165978F76736}.Debug|x64.Build.0 = Debug|Any CPU
		{0E275231-A6C7-40A6-8A68-165978F76736}.Release|Any CPU.ActiveCfg = Release|Any CPU
		{0E275231-A6C7-40A6-8A68-165978F76736}.Release|Any CPU.Build.0 = Release|Any CPU
		{0E275231-A6C7-40A6-8A68-165978F76736}.Release|x64.ActiveCfg = Release|Any CPU
		{0E275231-A6C7-40A6-8A68-165978F76736}.Release|x64.Build.0 = Release|Any CPU
		{18ED109F-C786-4954-8E25-20BDC991C72C}.Debug|Any CPU.ActiveCfg = Debug|Any CPU
		{18ED109F-C786-4954-8E25-20BDC991C72C}.Debug|Any CPU.Build.0 = Debug|Any CPU
		{18ED109F-C786-4954-8E25-20BDC991C72C}.Debug|x64.ActiveCfg = Debug|Any CPU
		{18ED109F-C786-4954-8E25-20BDC991C72C}.Debug|x64.Build.0 = Debug|Any CPU
		{18ED109F-C786-4954-8E25-20BDC991C72C}.Release|Any CPU.ActiveCfg = Release|Any CPU
		{18ED109F-C786-4954-8E25-20BDC991C72C}.Release|Any CPU.Build.0 = Release|Any CPU
		{18ED109F-C786-4954-8E25-20BDC991C72C}.Release|x64.ActiveCfg = Release|Any CPU
		{18ED109F-C786-4954-8E25-20BDC991C72C}.Release|x64.Build.0 = Release|Any CPU
		{E9D41BF9-CC68-4C98-A995-3A3C1D5C3BCD}.Debug|Any CPU.ActiveCfg = Debug|Any CPU
		{E9D41BF9-CC68-4C98-A995-3A3C1D5C3BCD}.Debug|Any CPU.Build.0 = Debug|Any CPU
		{E9D41BF9-CC68-4C98-A995-3A3C1D5C3BCD}.Debug|x64.ActiveCfg = Debug|Any CPU
		{E9D41BF9-CC68-4C98-A995-3A3C1D5C3BCD}.Debug|x64.Build.0 = Debug|Any CPU
		{E9D41BF9-CC68-4C98-A995-3A3C1D5C3BCD}.Release|Any CPU.ActiveCfg = Release|Any CPU
		{E9D41BF9-CC68-4C98-A995-3A3C1D5C3BCD}.Release|Any CPU.Build.0 = Release|Any CPU
		{E9D41BF9-CC68-4C98-A995-3A3C1D5C3BCD}.Release|x64.ActiveCfg = Release|Any CPU
		{E9D41BF9-CC68-4C98-A995-3A3C1D5C3BCD}.Release|x64.Build.0 = Release|Any CPU
		{8F2674B5-16ED-44AC-9447-599C8EC0E9B7}.Debug|Any CPU.ActiveCfg = Debug|Any CPU
		{8F2674B5-16ED-44AC-9447-599C8EC0E9B7}.Debug|Any CPU.Build.0 = Debug|Any CPU
		{8F2674B5-16ED-44AC-9447-599C8EC0E9B7}.Debug|x64.ActiveCfg = Debug|Any CPU
		{8F2674B5-16ED-44AC-9447-599C8EC0E9B7}.Debug|x64.Build.0 = Debug|Any CPU
		{8F2674B5-16ED-44AC-9447-599C8EC0E9B7}.Release|Any CPU.ActiveCfg = Release|Any CPU
		{8F2674B5-16ED-44AC-9447-599C8EC0E9B7}.Release|Any CPU.Build.0 = Release|Any CPU
		{8F2674B5-16ED-44AC-9447-599C8EC0E9B7}.Release|x64.ActiveCfg = Release|Any CPU
		{8F2674B5-16ED-44AC-9447-599C8EC0E9B7}.Release|x64.Build.0 = Release|Any CPU
		{AFED1745-E3B5-4B3E-9C3C-BCBC48D0D4E5}.Debug|Any CPU.ActiveCfg = Debug|x64
		{AFED1745-E3B5-4B3E-9C3C-BCBC48D0D4E5}.Debug|Any CPU.Build.0 = Debug|x64
		{AFED1745-E3B5-4B3E-9C3C-BCBC48D0D4E5}.Debug|x64.ActiveCfg = Debug|x64
		{AFED1745-E3B5-4B3E-9C3C-BCBC48D0D4E5}.Debug|x64.Build.0 = Debug|x64
		{AFED1745-E3B5-4B3E-9C3C-BCBC48D0D4E5}.Release|Any CPU.ActiveCfg = Release|x64
		{AFED1745-E3B5-4B3E-9C3C-BCBC48D0D4E5}.Release|Any CPU.Build.0 = Release|x64
		{AFED1745-E3B5-4B3E-9C3C-BCBC48D0D4E5}.Release|x64.ActiveCfg = Release|x64
		{AFED1745-E3B5-4B3E-9C3C-BCBC48D0D4E5}.Release|x64.Build.0 = Release|x64
		{7805811F-44D6-4877-B8F3-1DC918B9FD39}.Debug|Any CPU.ActiveCfg = Debug|x64
		{7805811F-44D6-4877-B8F3-1DC918B9FD39}.Debug|Any CPU.Build.0 = Debug|x64
		{7805811F-44D6-4877-B8F3-1DC918B9FD39}.Debug|x64.ActiveCfg = Debug|x64
		{7805811F-44D6-4877-B8F3-1DC918B9FD39}.Debug|x64.Build.0 = Debug|x64
		{7805811F-44D6-4877-B8F3-1DC918B9FD39}.Release|Any CPU.ActiveCfg = Release|x64
		{7805811F-44D6-4877-B8F3-1DC918B9FD39}.Release|Any CPU.Build.0 = Release|x64
		{7805811F-44D6-4877-B8F3-1DC918B9FD39}.Release|x64.ActiveCfg = Release|x64
		{7805811F-44D6-4877-B8F3-1DC918B9FD39}.Release|x64.Build.0 = Release|x64
		{FD24DE4C-9F9D-4418-9757-9B0EE43327F9}.Debug|Any CPU.ActiveCfg = Debug|x64
		{FD24DE4C-9F9D-4418-9757-9B0EE43327F9}.Debug|Any CPU.Build.0 = Debug|x64
		{FD24DE4C-9F9D-4418-9757-9B0EE43327F9}.Debug|x64.ActiveCfg = Debug|x64
		{FD24DE4C-9F9D-4418-9757-9B0EE43327F9}.Debug|x64.Build.0 = Debug|x64
		{FD24DE4C-9F9D-4418-9757-9B0EE43327F9}.Release|Any CPU.ActiveCfg = Release|x64
		{FD24DE4C-9F9D-4418-9757-9B0EE43327F9}.Release|Any CPU.Build.0 = Release|x64
		{FD24DE4C-9F9D-4418-9757-9B0EE43327F9}.Release|x64.ActiveCfg = Release|x64
		{FD24DE4C-9F9D-4418-9757-9B0EE43327F9}.Release|x64.Build.0 = Release|x64
		{F7669F36-F351-4824-874E-54D025167804}.Debug|Any CPU.ActiveCfg = Debug|x64
		{F7669F36-F351-4824-874E-54D025167804}.Debug|Any CPU.Build.0 = Debug|x64
		{F7669F36-F351-4824-874E-54D025167804}.Debug|x64.ActiveCfg = Debug|x64
		{F7669F36-F351-4824-874E-54D025167804}.Debug|x64.Build.0 = Debug|x64
		{F7669F36-F351-4824-874E-54D025167804}.Release|Any CPU.ActiveCfg = Release|x64
		{F7669F36-F351-4824-874E-54D025167804}.Release|Any CPU.Build.0 = Release|x64
		{F7669F36-F351-4824-874E-54D025167804}.Release|x64.ActiveCfg = Release|x64
		{F7669F36-F351-4824-874E-54D025167804}.Release|x64.Build.0 = Release|x64
		{D3B454E4-2490-426A-A944-06AC00547388}.Debug|Any CPU.ActiveCfg = Debug|x64
		{D3B454E4-2490-426A-A944-06AC00547388}.Debug|Any CPU.Build.0 = Debug|x64
		{D3B454E4-2490-426A-A944-06AC00547388}.Debug|x64.ActiveCfg = Debug|x64
		{D3B454E4-2490-426A-A944-06AC00547388}.Debug|x64.Build.0 = Debug|x64
		{D3B454E4-2490-426A-A944-06AC00547388}.Release|Any CPU.ActiveCfg = Release|x64
		{D3B454E4-2490-426A-A944-06AC00547388}.Release|Any CPU.Build.0 = Release|x64
		{D3B454E4-2490-426A-A944-06AC00547388}.Release|x64.ActiveCfg = Release|x64
		{D3B454E4-2490-426A-A944-06AC00547388}.Release|x64.Build.0 = Release|x64
		{1625575A-2569-4955-A2CA-5B6B9162319B}.Debug|Any CPU.ActiveCfg = Debug|Any CPU
		{1625575A-2569-4955-A2CA-5B6B9162319B}.Debug|Any CPU.Build.0 = Debug|Any CPU
		{1625575A-2569-4955-A2CA-5B6B9162319B}.Debug|x64.ActiveCfg = Debug|Any CPU
		{1625575A-2569-4955-A2CA-5B6B9162319B}.Debug|x64.Build.0 = Debug|Any CPU
		{1625575A-2569-4955-A2CA-5B6B9162319B}.Release|Any CPU.ActiveCfg = Release|Any CPU
		{1625575A-2569-4955-A2CA-5B6B9162319B}.Release|Any CPU.Build.0 = Release|Any CPU
		{1625575A-2569-4955-A2CA-5B6B9162319B}.Release|x64.ActiveCfg = Release|Any CPU
		{1625575A-2569-4955-A2CA-5B6B9162319B}.Release|x64.Build.0 = Release|Any CPU
		{B6D1A166-5270-41B7-A73E-718589E2284E}.Debug|Any CPU.ActiveCfg = Debug|Any CPU
		{B6D1A166-5270-41B7-A73E-718589E2284E}.Debug|Any CPU.Build.0 = Debug|Any CPU
		{B6D1A166-5270-41B7-A73E-718589E2284E}.Debug|x64.ActiveCfg = Debug|Any CPU
		{B6D1A166-5270-41B7-A73E-718589E2284E}.Debug|x64.Build.0 = Debug|Any CPU
		{B6D1A166-5270-41B7-A73E-718589E2284E}.Release|Any CPU.ActiveCfg = Release|Any CPU
		{B6D1A166-5270-41B7-A73E-718589E2284E}.Release|Any CPU.Build.0 = Release|Any CPU
		{B6D1A166-5270-41B7-A73E-718589E2284E}.Release|x64.ActiveCfg = Release|Any CPU
		{B6D1A166-5270-41B7-A73E-718589E2284E}.Release|x64.Build.0 = Release|Any CPU
		{8B70A0ED-B566-4A9D-9A6B-E5EEE4E0AE21}.Debug|Any CPU.ActiveCfg = Debug|Any CPU
		{8B70A0ED-B566-4A9D-9A6B-E5EEE4E0AE21}.Debug|Any CPU.Build.0 = Debug|Any CPU
		{8B70A0ED-B566-4A9D-9A6B-E5EEE4E0AE21}.Debug|x64.ActiveCfg = Debug|Any CPU
		{8B70A0ED-B566-4A9D-9A6B-E5EEE4E0AE21}.Debug|x64.Build.0 = Debug|Any CPU
		{8B70A0ED-B566-4A9D-9A6B-E5EEE4E0AE21}.Release|Any CPU.ActiveCfg = Release|Any CPU
		{8B70A0ED-B566-4A9D-9A6B-E5EEE4E0AE21}.Release|Any CPU.Build.0 = Release|Any CPU
		{8B70A0ED-B566-4A9D-9A6B-E5EEE4E0AE21}.Release|x64.ActiveCfg = Release|Any CPU
		{8B70A0ED-B566-4A9D-9A6B-E5EEE4E0AE21}.Release|x64.Build.0 = Release|Any CPU
		{B8650ABE-F31A-45D6-A007-E3C80AB05FB4}.Debug|Any CPU.ActiveCfg = Debug|x64
		{B8650ABE-F31A-45D6-A007-E3C80AB05FB4}.Debug|Any CPU.Build.0 = Debug|x64
		{B8650ABE-F31A-45D6-A007-E3C80AB05FB4}.Debug|x64.ActiveCfg = Debug|x64
		{B8650ABE-F31A-45D6-A007-E3C80AB05FB4}.Debug|x64.Build.0 = Debug|x64
		{B8650ABE-F31A-45D6-A007-E3C80AB05FB4}.Release|Any CPU.ActiveCfg = Release|x64
		{B8650ABE-F31A-45D6-A007-E3C80AB05FB4}.Release|Any CPU.Build.0 = Release|x64
		{B8650ABE-F31A-45D6-A007-E3C80AB05FB4}.Release|x64.ActiveCfg = Release|x64
		{B8650ABE-F31A-45D6-A007-E3C80AB05FB4}.Release|x64.Build.0 = Release|x64
		{5CFD85E9-47EF-43A2-9519-EAAC3043532C}.Debug|Any CPU.ActiveCfg = Debug|x64
		{5CFD85E9-47EF-43A2-9519-EAAC3043532C}.Debug|Any CPU.Build.0 = Debug|x64
		{5CFD85E9-47EF-43A2-9519-EAAC3043532C}.Debug|x64.ActiveCfg = Debug|x64
		{5CFD85E9-47EF-43A2-9519-EAAC3043532C}.Debug|x64.Build.0 = Debug|x64
		{5CFD85E9-47EF-43A2-9519-EAAC3043532C}.Release|Any CPU.ActiveCfg = Release|x64
		{5CFD85E9-47EF-43A2-9519-EAAC3043532C}.Release|Any CPU.Build.0 = Release|x64
		{5CFD85E9-47EF-43A2-9519-EAAC3043532C}.Release|x64.ActiveCfg = Release|x64
		{5CFD85E9-47EF-43A2-9519-EAAC3043532C}.Release|x64.Build.0 = Release|x64
		{594B191A-5EA3-4461-BEDE-A212CABCB371}.Debug|Any CPU.ActiveCfg = Debug|x64
		{594B191A-5EA3-4461-BEDE-A212CABCB371}.Debug|Any CPU.Build.0 = Debug|x64
		{594B191A-5EA3-4461-BEDE-A212CABCB371}.Debug|x64.ActiveCfg = Debug|x64
		{594B191A-5EA3-4461-BEDE-A212CABCB371}.Debug|x64.Build.0 = Debug|x64
		{594B191A-5EA3-4461-BEDE-A212CABCB371}.Release|Any CPU.ActiveCfg = Release|x64
		{594B191A-5EA3-4461-BEDE-A212CABCB371}.Release|Any CPU.Build.0 = Release|x64
		{594B191A-5EA3-4461-BEDE-A212CABCB371}.Release|x64.ActiveCfg = Release|x64
		{594B191A-5EA3-4461-BEDE-A212CABCB371}.Release|x64.Build.0 = Release|x64
		{1B6E50EF-79F2-475B-8C91-59AADCAA42A1}.Debug|Any CPU.ActiveCfg = Debug|x64
		{1B6E50EF-79F2-475B-8C91-59AADCAA42A1}.Debug|Any CPU.Build.0 = Debug|x64
		{1B6E50EF-79F2-475B-8C91-59AADCAA42A1}.Debug|x64.ActiveCfg = Debug|x64
		{1B6E50EF-79F2-475B-8C91-59AADCAA42A1}.Debug|x64.Build.0 = Debug|x64
		{1B6E50EF-79F2-475B-8C91-59AADCAA42A1}.Release|Any CPU.ActiveCfg = Release|x64
		{1B6E50EF-79F2-475B-8C91-59AADCAA42A1}.Release|Any CPU.Build.0 = Release|x64
		{1B6E50EF-79F2-475B-8C91-59AADCAA42A1}.Release|x64.ActiveCfg = Release|x64
		{1B6E50EF-79F2-475B-8C91-59AADCAA42A1}.Release|x64.Build.0 = Release|x64
		{F5F27296-66AC-4040-B1E1-6F2080A66C86}.Debug|Any CPU.ActiveCfg = Debug|x64
		{F5F27296-66AC-4040-B1E1-6F2080A66C86}.Debug|Any CPU.Build.0 = Debug|x64
		{F5F27296-66AC-4040-B1E1-6F2080A66C86}.Debug|x64.ActiveCfg = Debug|x64
		{F5F27296-66AC-4040-B1E1-6F2080A66C86}.Debug|x64.Build.0 = Debug|x64
		{F5F27296-66AC-4040-B1E1-6F2080A66C86}.Release|Any CPU.ActiveCfg = Release|x64
		{F5F27296-66AC-4040-B1E1-6F2080A66C86}.Release|Any CPU.Build.0 = Release|x64
		{F5F27296-66AC-4040-B1E1-6F2080A66C86}.Release|x64.ActiveCfg = Release|x64
		{F5F27296-66AC-4040-B1E1-6F2080A66C86}.Release|x64.Build.0 = Release|x64
		{6C82D055-D267-4169-AF4C-0C50B1EEA411}.Debug|Any CPU.ActiveCfg = Debug|x64
		{6C82D055-D267-4169-AF4C-0C50B1EEA411}.Debug|Any CPU.Build.0 = Debug|x64
		{6C82D055-D267-4169-AF4C-0C50B1EEA411}.Debug|x64.ActiveCfg = Debug|x64
		{6C82D055-D267-4169-AF4C-0C50B1EEA411}.Debug|x64.Build.0 = Debug|x64
		{6C82D055-D267-4169-AF4C-0C50B1EEA411}.Release|Any CPU.ActiveCfg = Release|x64
		{6C82D055-D267-4169-AF4C-0C50B1EEA411}.Release|Any CPU.Build.0 = Release|x64
		{6C82D055-D267-4169-AF4C-0C50B1EEA411}.Release|x64.ActiveCfg = Release|x64
		{6C82D055-D267-4169-AF4C-0C50B1EEA411}.Release|x64.Build.0 = Release|x64
		{90F47018-184B-47EF-B8CF-5F482950344C}.Debug|Any CPU.ActiveCfg = Debug|Any CPU
		{90F47018-184B-47EF-B8CF-5F482950344C}.Debug|Any CPU.Build.0 = Debug|Any CPU
		{90F47018-184B-47EF-B8CF-5F482950344C}.Debug|x64.ActiveCfg = Debug|Any CPU
		{90F47018-184B-47EF-B8CF-5F482950344C}.Debug|x64.Build.0 = Debug|Any CPU
		{90F47018-184B-47EF-B8CF-5F482950344C}.Release|Any CPU.ActiveCfg = Release|Any CPU
		{90F47018-184B-47EF-B8CF-5F482950344C}.Release|Any CPU.Build.0 = Release|Any CPU
		{90F47018-184B-47EF-B8CF-5F482950344C}.Release|x64.ActiveCfg = Release|Any CPU
		{90F47018-184B-47EF-B8CF-5F482950344C}.Release|x64.Build.0 = Release|Any CPU
	EndGlobalSection
	GlobalSection(SolutionProperties) = preSolution
		HideSolutionNode = FALSE
	EndGlobalSection
	GlobalSection(NestedProjects) = preSolution
		{6C3304DB-DB97-46DA-8BB0-55D626314CA3} = {1DE88C73-3B8E-4296-873A-4631E25FE685}
		{0E275231-A6C7-40A6-8A68-165978F76736} = {1DE88C73-3B8E-4296-873A-4631E25FE685}
		{18ED109F-C786-4954-8E25-20BDC991C72C} = {1DE88C73-3B8E-4296-873A-4631E25FE685}
		{E9D41BF9-CC68-4C98-A995-3A3C1D5C3BCD} = {82AF3DCE-0279-475D-B1A8-D610C8735F09}
		{8F2674B5-16ED-44AC-9447-599C8EC0E9B7} = {82AF3DCE-0279-475D-B1A8-D610C8735F09}
		{AFED1745-E3B5-4B3E-9C3C-BCBC48D0D4E5} = {DC1F1BAE-401D-4710-848C-316561617DCD}
		{7805811F-44D6-4877-B8F3-1DC918B9FD39} = {DC1F1BAE-401D-4710-848C-316561617DCD}
		{FD24DE4C-9F9D-4418-9757-9B0EE43327F9} = {DC1F1BAE-401D-4710-848C-316561617DCD}
		{1625575A-2569-4955-A2CA-5B6B9162319B} = {82AF3DCE-0279-475D-B1A8-D610C8735F09}
		{B6D1A166-5270-41B7-A73E-718589E2284E} = {82AF3DCE-0279-475D-B1A8-D610C8735F09}
		{8B70A0ED-B566-4A9D-9A6B-E5EEE4E0AE21} = {82AF3DCE-0279-475D-B1A8-D610C8735F09}
		{5CFD85E9-47EF-43A2-9519-EAAC3043532C} = {DC1F1BAE-401D-4710-848C-316561617DCD}
		{594B191A-5EA3-4461-BEDE-A212CABCB371} = {202FA180-970E-4786-83C0-767A9CDBAF65}
		{1B6E50EF-79F2-475B-8C91-59AADCAA42A1} = {202FA180-970E-4786-83C0-767A9CDBAF65}
		{F5F27296-66AC-4040-B1E1-6F2080A66C86} = {DC1F1BAE-401D-4710-848C-316561617DCD}
		{90F47018-184B-47EF-B8CF-5F482950344C} = {1DE88C73-3B8E-4296-873A-4631E25FE685}
	EndGlobalSection
	GlobalSection(ExtensibilityGlobals) = postSolution
		SolutionGuid = {CE662EDF-5575-4B51-82CF-58DF83292B85}
	EndGlobalSection
EndGlobal
